
Microsoft Visual Studio Solution File, Format Version 12.00
# Visual Studio 15
VisualStudioVersion = 15.0.26403.3
MinimumVisualStudioVersion = 10.0.40219.1
Project("{8BC9CEB8-8B4A-11D0-8D11-00A0C91BC942}") = "Protoclib", "MsBase\Protoclib.vcxproj", "{B84FF31A-5F9A-46F8-AB22-DBFC9BECE3BE}"
EndProject
Project("{8BC9CEB8-8B4A-11D0-8D11-00A0C91BC942}") = "Protobuf", "MsBase\Protobuf.vcxproj", "{3E283F37-A4ED-41B7-A3E6-A2D89D131A30}"
EndProject
Project("{8BC9CEB8-8B4A-11D0-8D11-00A0C91BC942}") = "ProtoCompile", "MsBase\ProtoCompile.vcxproj", "{427B8367-6716-4147-8424-346E8CF9149F}"
	ProjectSection(ProjectDependencies) = postProject
		{B84FF31A-5F9A-46F8-AB22-DBFC9BECE3BE} = {B84FF31A-5F9A-46F8-AB22-DBFC9BECE3BE}
		{3E283F37-A4ED-41B7-A3E6-A2D89D131A30} = {3E283F37-A4ED-41B7-A3E6-A2D89D131A30}
	EndProjectSection
EndProject
Global
	GlobalSection(SolutionConfigurationPlatforms) = preSolution
		Debug|x64 = Debug|x64
		Debug|x86 = Debug|x86
		Release|x64 = Release|x64
		Release|x86 = Release|x86
	EndGlobalSection
	GlobalSection(ProjectConfigurationPlatforms) = postSolution
		{B84FF31A-5F9A-46F8-AB22-DBFC9BECE3BE}.Debug|x64.ActiveCfg = Debug|x64
		{B84FF31A-5F9A-46F8-AB22-DBFC9BECE3BE}.Debug|x64.Build.0 = Debug|x64
		{B84FF31A-5F9A-46F8-AB22-DBFC9BECE3BE}.Debug|x86.ActiveCfg = Debug|Win32
		{B84FF31A-5F9A-46F8-AB22-DBFC9BECE3BE}.Debug|x86.Build.0 = Debug|Win32
		{B84FF31A-5F9A-46F8-AB22-DBFC9BECE3BE}.Release|x64.ActiveCfg = Release|x64
		{B84FF31A-5F9A-46F8-AB22-DBFC9BECE3BE}.Release|x64.Build.0 = Release|x64
		{B84FF31A-5F9A-46F8-AB22-DBFC9BECE3BE}.Release|x86.ActiveCfg = Release|Win32
		{B84FF31A-5F9A-46F8-AB22-DBFC9BECE3BE}.Release|x86.Build.0 = Release|Win32
		{3E283F37-A4ED-41B7-A3E6-A2D89D131A30}.Debug|x64.ActiveCfg = Debug|x64
		{3E283F37-A4ED-41B7-A3E6-A2D89D131A30}.Debug|x64.Build.0 = Debug|x64
		{3E283F37-A4ED-41B7-A3E6-A2D89D131A30}.Debug|x86.ActiveCfg = Debug|Win32
		{3E283F37-A4ED-41B7-A3E6-A2D89D131A30}.Debug|x86.Build.0 = Debug|Win32
		{3E283F37-A4ED-41B7-A3E6-A2D89D131A30}.Release|x64.ActiveCfg = Release|x64
		{3E283F37-A4ED-41B7-A3E6-A2D89D131A30}.Release|x64.Build.0 = Release|x64
		{3E283F37-A4ED-41B7-A3E6-A2D89D131A30}.Release|x86.ActiveCfg = Release|Win32
		{3E283F37-A4ED-41B7-A3E6-A2D89D131A30}.Release|x86.Build.0 = Release|Win32
		{427B8367-6716-4147-8424-346E8CF9149F}.Debug|x64.ActiveCfg = Debug|x64
		{427B8367-6716-4147-8424-346E8CF9149F}.Debug|x64.Build.0 = Debug|x64
		{427B8367-6716-4147-8424-346E8CF9149F}.Debug|x86.ActiveCfg = Debug|Win32
		{427B8367-6716-4147-8424-346E8CF9149F}.Debug|x86.Build.0 = Debug|Win32
		{427B8367-6716-4147-8424-346E8CF9149F}.Release|x64.ActiveCfg = Release|x64
		{427B8367-6716-4147-8424-346E8CF9149F}.Release|x64.Build.0 = Release|x64
		{427B8367-6716-4147-8424-346E8CF9149F}.Release|x86.ActiveCfg = Release|Win32
		{427B8367-6716-4147-8424-346E8CF9149F}.Release|x86.Build.0 = Release|Win32
	EndGlobalSection
	GlobalSection(SolutionProperties) = preSolution
		HideSolutionNode = FALSE
	EndGlobalSection
EndGlobal
